<?xml version="1.0" encoding="utf-8"?>
<Project ToolsVersion="4.0" xmlns="http://schemas.microsoft.com/developer/msbuild/2003">
  <ItemGroup>
    <Filter Include="소스 파일">
      <UniqueIdentifier>{4FC737F1-C7A5-4376-A066-2A32D752A2FF}</UniqueIdentifier>
      <Extensions>cpp;c;cc;cxx;def;odl;idl;hpj;bat;asm;asmx</Extensions>
    </Filter>
    <Filter Include="헤더 파일">
      <UniqueIdentifier>{93995380-89BD-4b04-88EB-625FBE52EBFB}</UniqueIdentifier>
      <Extensions>h;hh;hpp;hxx;hm;inl;inc;xsd</Extensions>
    </Filter>
    <Filter Include="리소스 파일">
      <UniqueIdentifier>{67DA6AB6-F800-4c08-8B7A-83BB121AAD01}</UniqueIdentifier>
      <Extensions>rc;ico;cur;bmp;dlg;rc2;rct;bin;rgs;gif;jpg;jpeg;jpe;resx;tiff;tif;png;wav;mfcribbon-ms</Extensions>
    </Filter>
  </ItemGroup>
  <ItemGroup>
    <Text Include="ReadMe.txt" />
  </ItemGroup>
  <ItemGroup>
    <ClInclude Include="vesselAnalysis.h">
      <Filter>헤더 파일</Filter>
    </ClInclude>
    <ClInclude Include="vesselAnalysisDlg.h">
      <Filter>헤더 파일</Filter>
    </ClInclude>
    <ClInclude Include="stdafx.h">
      <Filter>헤더 파일</Filter>
    </ClInclude>
    <ClInclude Include="targetver.h">
      <Filter>헤더 파일</Filter>
    </ClInclude>
    <ClInclude Include="Resource.h">
      <Filter>헤더 파일</Filter>
    </ClInclude>
    <ClInclude Include="VesselImgTransfer.h">
      <Filter>헤더 파일</Filter>
    </ClInclude>
    <ClInclude Include="utils.h">
      <Filter>헤더 파일</Filter>
    </ClInclude>
    <ClInclude Include="Logger.h">
      <Filter>헤더 파일</Filter>
    </ClInclude>
    <ClInclude Include="Waitwindow.h">
      <Filter>헤더 파일</Filter>
    </ClInclude>
    <ClInclude Include="ErrorReport.h">
      <Filter>헤더 파일</Filter>
    </ClInclude>
    <ClInclude Include="CreateAccountWindow.h">
      <Filter>헤더 파일</Filter>
    </ClInclude>
    <ClInclude Include="VesselAnalysisParams.h">
      <Filter>헤더 파일</Filter>
    </ClInclude>
    <ClInclude Include="EllipseFit.h">
      <Filter>헤더 파일</Filter>
    </ClInclude>
    <ClInclude Include="WaitWindowSendResult.h">
      <Filter>헤더 파일</Filter>
    </ClInclude>
    <ClInclude Include="vascularity.hpp">
      <Filter>소스 파일</Filter>
    </ClInclude>
    <ClInclude Include="bifur_vectorization.hpp">
      <Filter>소스 파일</Filter>
    </ClInclude>
    <ClInclude Include="branch_vectorization.hpp">
      <Filter>소스 파일</Filter>
    </ClInclude>
    <ClInclude Include="graph_structure.hpp">
      <Filter>소스 파일</Filter>
    </ClInclude>
    <ClInclude Include="json.h">
      <Filter>소스 파일</Filter>
    </ClInclude>
    <ClInclude Include="json-forwards.h">
      <Filter>소스 파일</Filter>
    </ClInclude>
    <ClInclude Include="skeletonize.hpp">
      <Filter>소스 파일</Filter>
    </ClInclude>
    <ClInclude Include="WaitWindowCalcParams.h">
      <Filter>헤더 파일</Filter>
    </ClInclude>
  </ItemGroup>
  <ItemGroup>
    <ClCompile Include="vesselAnalysis.cpp">
      <Filter>소스 파일</Filter>
    </ClCompile>
    <ClCompile Include="vesselAnalysisDlg.cpp">
      <Filter>소스 파일</Filter>
    </ClCompile>
    <ClCompile Include="stdafx.cpp">
      <Filter>소스 파일</Filter>
    </ClCompile>
    <ClCompile Include="VesselImgTransfer.cpp">
      <Filter>소스 파일</Filter>
    </ClCompile>
    <ClCompile Include="utils.cpp">
      <Filter>소스 파일</Filter>
    </ClCompile>
    <ClCompile Include="Logger.cpp">
      <Filter>소스 파일</Filter>
    </ClCompile>
    <ClCompile Include="Waitwindow.cpp">
      <Filter>소스 파일</Filter>
    </ClCompile>
    <ClCompile Include="ErrorReport.cpp">
      <Filter>소스 파일</Filter>
    </ClCompile>
    <ClCompile Include="CreateAccountWindow.cpp">
      <Filter>소스 파일</Filter>
    </ClCompile>
    <ClCompile Include="VesselAnalysisParams.cpp">
      <Filter>소스 파일</Filter>
    </ClCompile>
    <ClCompile Include="EllipseFit.cpp">
      <Filter>소스 파일</Filter>
    </ClCompile>
    <ClCompile Include="WaitWindowSendResult.cpp">
      <Filter>소스 파일</Filter>
    </ClCompile>
    <ClCompile Include="bifur_vectorization.cpp">
      <Filter>소스 파일</Filter>
    </ClCompile>
    <ClCompile Include="branch_vectorization.cpp">
      <Filter>소스 파일</Filter>
    </ClCompile>
    <ClCompile Include="graph_structure.cpp">
      <Filter>소스 파일</Filter>
    </ClCompile>
    <ClCompile Include="jsoncpp.cpp">
      <Filter>소스 파일</Filter>
    </ClCompile>
    <ClCompile Include="skeletonize.cpp">
      <Filter>소스 파일</Filter>
    </ClCompile>
    <ClCompile Include="vascularity.cpp">
      <Filter>소스 파일</Filter>
    </ClCompile>
    <ClCompile Include="WaitWindowCalcParams.cpp">
      <Filter>소스 파일</Filter>
    </ClCompile>
  </ItemGroup>
  <ItemGroup>
    <ResourceCompile Include="vesselAnalysis.rc">
      <Filter>리소스 파일</Filter>
    </ResourceCompile>
  </ItemGroup>
  <ItemGroup>
    <None Include="res\vesselAnalysis.rc2">
      <Filter>리소스 파일</Filter>
    </None>
  </ItemGroup>
  <ItemGroup>
    <Image Include="res\vesselAnalysis.ico">
      <Filter>리소스 파일</Filter>
    </Image>
  </ItemGroup>
</Project>